
Microsoft Visual Studio Solution File, Format Version 12.00
# Visual Studio 14
VisualStudioVersion = 14.0.25420.1
MinimumVisualStudioVersion = 10.0.40219.1
Project("{2150E333-8FDC-42A3-9474-1A3956D46DE8}") = "Application", "Application", "{033B0F94-9CA7-4F33-B880-9E266FB61CAA}"
EndProject
Project("{2150E333-8FDC-42A3-9474-1A3956D46DE8}") = "SalesCom", "SalesCom", "{BBD6C212-2C10-4818-8F72-4747EE0FDF6C}"
EndProject
Project("{2150E333-8FDC-42A3-9474-1A3956D46DE8}") = "BusinessService", "BusinessService", "{E1796EAE-CEC8-4CC3-A282-9361A47463A4}"
EndProject
Project("{2150E333-8FDC-42A3-9474-1A3956D46DE8}") = "Core", "Core", "{54D9CC92-3D4A-4791-A45C-86FD4E3A5ED9}"
EndProject
Project("{2150E333-8FDC-42A3-9474-1A3956D46DE8}") = "DBAbstraction", "DBAbstraction", "{BE6E6079-651F-4E72-932C-0270EBF84C7C}"
EndProject
Project("{2150E333-8FDC-42A3-9474-1A3956D46DE8}") = "Presentation", "Presentation", "{CCAF292F-E398-462C-8FA3-B62DE642691A}"
EndProject
Project("{FAE04EC0-301F-11D3-BF4B-00C04F79EFBC}") = "ServiceLibrary", "BusinessService\ServiceLibrary\ServiceLibrary.csproj", "{F9672155-A274-4693-BAAA-529D401DAB11}"
EndProject
Project("{FAE04EC0-301F-11D3-BF4B-00C04F79EFBC}") = "GlobalConfig", "Core\GlobalConfig\GlobalConfig.csproj", "{93333501-3D7E-406F-8B49-4CF434BD1100}"
EndProject
Project("{FAE04EC0-301F-11D3-BF4B-00C04F79EFBC}") = "Security", "Core\Security\Security.csproj", "{247AC534-A286-47A4-A1E0-324C9C15450E}"
EndProject
Project("{FAE04EC0-301F-11D3-BF4B-00C04F79EFBC}") = "Utility", "Core\Utility\Utility.csproj", "{F1F1A216-20AA-466C-9810-C3C3B23EA1B8}"
EndProject
Project("{FAE04EC0-301F-11D3-BF4B-00C04F79EFBC}") = "DBContext", "DataAccess\DBHelper\DBContext.csproj", "{E16CD3F3-1E0A-4FF4-90D4-6879EE89147F}"
EndProject
Project("{FAE04EC0-301F-11D3-BF4B-00C04F79EFBC}") = "ApiControllers", "Presentation\Controllers\ApiControllers.csproj", "{95A9054D-4786-4031-AB54-E4759FC844A1}"
EndProject
Project("{FAE04EC0-301F-11D3-BF4B-00C04F79EFBC}") = "ViewModels", "Presentation\ViewModels\ViewModels.csproj", "{90205B48-331D-4983-B460-972961733604}"
EndProject
Project("{FAE04EC0-301F-11D3-BF4B-00C04F79EFBC}") = "SalesWeb", "Application\SalesCom\SalesWeb.csproj", "{EF92AEE7-CFDA-465E-B8EC-8174CDDF3E0B}"
EndProject
Project("{2150E333-8FDC-42A3-9474-1A3956D46DE8}") = "Solution Items", "Solution Items", "{F3D071A0-5B41-4365-A657-C0D6F65A4D4E}"
	ProjectSection(SolutionItems) = preProject
		Application\SalesApp\global.json = Application\SalesApp\global.json
	EndProjectSection
EndProject
Project("{54435603-DBB4-11D2-8724-00A0C9A8B90C}") = "MSCSetup", "MSCSetup\MSCSetup.vdproj", "{66334A4D-67D7-4858-B65B-E44CE18514C3}"
EndProject
Global
	GlobalSection(SolutionConfigurationPlatforms) = preSolution
		Debug|Any CPU = Debug|Any CPU
		Debug|x64 = Debug|x64
		Debug|x86 = Debug|x86
		Release|Any CPU = Release|Any CPU
		Release|x64 = Release|x64
		Release|x86 = Release|x86
		Veracode|Any CPU = Veracode|Any CPU
		Veracode|x64 = Veracode|x64
		Veracode|x86 = Veracode|x86
	EndGlobalSection
	GlobalSection(ProjectConfigurationPlatforms) = postSolution
		{F9672155-A274-4693-BAAA-529D401DAB11}.Debug|Any CPU.ActiveCfg = Debug|Any CPU
		{F9672155-A274-4693-BAAA-529D401DAB11}.Debug|Any CPU.Build.0 = Debug|Any CPU
		{F9672155-A274-4693-BAAA-529D401DAB11}.Debug|x64.ActiveCfg = Debug|Any CPU
		{F9672155-A274-4693-BAAA-529D401DAB11}.Debug|x64.Build.0 = Debug|Any CPU
		{F9672155-A274-4693-BAAA-529D401DAB11}.Debug|x86.ActiveCfg = Debug|Any CPU
		{F9672155-A274-4693-BAAA-529D401DAB11}.Debug|x86.Build.0 = Debug|Any CPU
		{F9672155-A274-4693-BAAA-529D401DAB11}.Release|Any CPU.ActiveCfg = Release|Any CPU
		{F9672155-A274-4693-BAAA-529D401DAB11}.Release|Any CPU.Build.0 = Release|Any CPU
		{F9672155-A274-4693-BAAA-529D401DAB11}.Release|x64.ActiveCfg = Release|Any CPU
		{F9672155-A274-4693-BAAA-529D401DAB11}.Release|x64.Build.0 = Release|Any CPU
		{F9672155-A274-4693-BAAA-529D401DAB11}.Release|x86.ActiveCfg = Release|Any CPU
		{F9672155-A274-4693-BAAA-529D401DAB11}.Release|x86.Build.0 = Release|Any CPU
		{F9672155-A274-4693-BAAA-529D401DAB11}.Veracode|Any CPU.ActiveCfg = Release|Any CPU
		{F9672155-A274-4693-BAAA-529D401DAB11}.Veracode|Any CPU.Build.0 = Release|Any CPU
		{F9672155-A274-4693-BAAA-529D401DAB11}.Veracode|x64.ActiveCfg = Release|Any CPU
		{F9672155-A274-4693-BAAA-529D401DAB11}.Veracode|x64.Build.0 = Release|Any CPU
		{F9672155-A274-4693-BAAA-529D401DAB11}.Veracode|x86.ActiveCfg = Release|Any CPU
		{F9672155-A274-4693-BAAA-529D401DAB11}.Veracode|x86.Build.0 = Release|Any CPU
		{93333501-3D7E-406F-8B49-4CF434BD1100}.Debug|Any CPU.ActiveCfg = Debug|Any CPU
		{93333501-3D7E-406F-8B49-4CF434BD1100}.Debug|Any CPU.Build.0 = Debug|Any CPU
		{93333501-3D7E-406F-8B49-4CF434BD1100}.Debug|x64.ActiveCfg = Debug|Any CPU
		{93333501-3D7E-406F-8B49-4CF434BD1100}.Debug|x64.Build.0 = Debug|Any CPU
		{93333501-3D7E-406F-8B49-4CF434BD1100}.Debug|x86.ActiveCfg = Debug|Any CPU
		{93333501-3D7E-406F-8B49-4CF434BD1100}.Debug|x86.Build.0 = Debug|Any CPU
		{93333501-3D7E-406F-8B49-4CF434BD1100}.Release|Any CPU.ActiveCfg = Release|Any CPU
		{93333501-3D7E-406F-8B49-4CF434BD1100}.Release|Any CPU.Build.0 = Release|Any CPU
		{93333501-3D7E-406F-8B49-4CF434BD1100}.Release|x64.ActiveCfg = Release|Any CPU
		{93333501-3D7E-406F-8B49-4CF434BD1100}.Release|x64.Build.0 = Release|Any CPU
		{93333501-3D7E-406F-8B49-4CF434BD1100}.Release|x86.ActiveCfg = Release|Any CPU
		{93333501-3D7E-406F-8B49-4CF434BD1100}.Release|x86.Build.0 = Release|Any CPU
		{93333501-3D7E-406F-8B49-4CF434BD1100}.Veracode|Any CPU.ActiveCfg = Release|Any CPU
		{93333501-3D7E-406F-8B49-4CF434BD1100}.Veracode|Any CPU.Build.0 = Release|Any CPU
		{93333501-3D7E-406F-8B49-4CF434BD1100}.Veracode|x64.ActiveCfg = Release|Any CPU
		{93333501-3D7E-406F-8B49-4CF434BD1100}.Veracode|x64.Build.0 = Release|Any CPU
		{93333501-3D7E-406F-8B49-4CF434BD1100}.Veracode|x86.ActiveCfg = Release|Any CPU
		{93333501-3D7E-406F-8B49-4CF434BD1100}.Veracode|x86.Build.0 = Release|Any CPU
		{247AC534-A286-47A4-A1E0-324C9C15450E}.Debug|Any CPU.ActiveCfg = Debug|Any CPU
		{247AC534-A286-47A4-A1E0-324C9C15450E}.Debug|Any CPU.Build.0 = Debug|Any CPU
		{247AC534-A286-47A4-A1E0-324C9C15450E}.Debug|x64.ActiveCfg = Debug|Any CPU
		{247AC534-A286-47A4-A1E0-324C9C15450E}.Debug|x64.Build.0 = Debug|Any CPU
		{247AC534-A286-47A4-A1E0-324C9C15450E}.Debug|x86.ActiveCfg = Debug|Any CPU
		{247AC534-A286-47A4-A1E0-324C9C15450E}.Debug|x86.Build.0 = Debug|Any CPU
		{247AC534-A286-47A4-A1E0-324C9C15450E}.Release|Any CPU.ActiveCfg = Release|Any CPU
		{247AC534-A286-47A4-A1E0-324C9C15450E}.Release|Any CPU.Build.0 = Release|Any CPU
		{247AC534-A286-47A4-A1E0-324C9C15450E}.Release|x64.ActiveCfg = Release|Any CPU
		{247AC534-A286-47A4-A1E0-324C9C15450E}.Release|x64.Build.0 = Release|Any CPU
		{247AC534-A286-47A4-A1E0-324C9C15450E}.Release|x86.ActiveCfg = Release|Any CPU
		{247AC534-A286-47A4-A1E0-324C9C15450E}.Release|x86.Build.0 = Release|Any CPU
		{247AC534-A286-47A4-A1E0-324C9C15450E}.Veracode|Any CPU.ActiveCfg = Release|Any CPU
		{247AC534-A286-47A4-A1E0-324C9C15450E}.Veracode|Any CPU.Build.0 = Release|Any CPU
		{247AC534-A286-47A4-A1E0-324C9C15450E}.Veracode|x64.ActiveCfg = Release|Any CPU
		{247AC534-A286-47A4-A1E0-324C9C15450E}.Veracode|x64.Build.0 = Release|Any CPU
		{247AC534-A286-47A4-A1E0-324C9C15450E}.Veracode|x86.ActiveCfg = Release|Any CPU
		{247AC534-A286-47A4-A1E0-324C9C15450E}.Veracode|x86.Build.0 = Release|Any CPU
		{F1F1A216-20AA-466C-9810-C3C3B23EA1B8}.Debug|Any CPU.ActiveCfg = Debug|Any CPU
		{F1F1A216-20AA-466C-9810-C3C3B23EA1B8}.Debug|Any CPU.Build.0 = Debug|Any CPU
		{F1F1A216-20AA-466C-9810-C3C3B23EA1B8}.Debug|x64.ActiveCfg = Debug|Any CPU
		{F1F1A216-20AA-466C-9810-C3C3B23EA1B8}.Debug|x64.Build.0 = Debug|Any CPU
		{F1F1A216-20AA-466C-9810-C3C3B23EA1B8}.Debug|x86.ActiveCfg = Debug|Any CPU
		{F1F1A216-20AA-466C-9810-C3C3B23EA1B8}.Debug|x86.Build.0 = Debug|Any CPU
		{F1F1A216-20AA-466C-9810-C3C3B23EA1B8}.Release|Any CPU.ActiveCfg = Release|Any CPU
		{F1F1A216-20AA-466C-9810-C3C3B23EA1B8}.Release|Any CPU.Build.0 = Release|Any CPU
		{F1F1A216-20AA-466C-9810-C3C3B23EA1B8}.Release|x64.ActiveCfg = Release|Any CPU
		{F1F1A216-20AA-466C-9810-C3C3B23EA1B8}.Release|x64.Build.0 = Release|Any CPU
		{F1F1A216-20AA-466C-9810-C3C3B23EA1B8}.Release|x86.ActiveCfg = Release|Any CPU
		{F1F1A216-20AA-466C-9810-C3C3B23EA1B8}.Release|x86.Build.0 = Release|Any CPU
		{F1F1A216-20AA-466C-9810-C3C3B23EA1B8}.Veracode|Any CPU.ActiveCfg = Release|Any CPU
		{F1F1A216-20AA-466C-9810-C3C3B23EA1B8}.Veracode|Any CPU.Build.0 = Release|Any CPU
		{F1F1A216-20AA-466C-9810-C3C3B23EA1B8}.Veracode|x64.ActiveCfg = Release|Any CPU
		{F1F1A216-20AA-466C-9810-C3C3B23EA1B8}.Veracode|x64.Build.0 = Release|Any CPU
		{F1F1A216-20AA-466C-9810-C3C3B23EA1B8}.Veracode|x86.ActiveCfg = Release|Any CPU
		{F1F1A216-20AA-466C-9810-C3C3B23EA1B8}.Veracode|x86.Build.0 = Release|Any CPU
		{E16CD3F3-1E0A-4FF4-90D4-6879EE89147F}.Debug|Any CPU.ActiveCfg = Debug|Any CPU
		{E16CD3F3-1E0A-4FF4-90D4-6879EE89147F}.Debug|Any CPU.Build.0 = Debug|Any CPU
		{E16CD3F3-1E0A-4FF4-90D4-6879EE89147F}.Debug|x64.ActiveCfg = Debug|Any CPU
		{E16CD3F3-1E0A-4FF4-90D4-6879EE89147F}.Debug|x64.Build.0 = Debug|Any CPU
		{E16CD3F3-1E0A-4FF4-90D4-6879EE89147F}.Debug|x86.ActiveCfg = Debug|Any CPU
		{E16CD3F3-1E0A-4FF4-90D4-6879EE89147F}.Debug|x86.Build.0 = Debug|Any CPU
		{E16CD3F3-1E0A-4FF4-90D4-6879EE89147F}.Release|Any CPU.ActiveCfg = Release|Any CPU
		{E16CD3F3-1E0A-4FF4-90D4-6879EE89147F}.Release|Any CPU.Build.0 = Release|Any CPU
		{E16CD3F3-1E0A-4FF4-90D4-6879EE89147F}.Release|x64.ActiveCfg = Release|Any CPU
		{E16CD3F3-1E0A-4FF4-90D4-6879EE89147F}.Release|x64.Build.0 = Release|Any CPU
		{E16CD3F3-1E0A-4FF4-90D4-6879EE89147F}.Release|x86.ActiveCfg = Release|Any CPU
		{E16CD3F3-1E0A-4FF4-90D4-6879EE89147F}.Release|x86.Build.0 = Release|Any CPU
		{E16CD3F3-1E0A-4FF4-90D4-6879EE89147F}.Veracode|Any CPU.ActiveCfg = Release|Any CPU
		{E16CD3F3-1E0A-4FF4-90D4-6879EE89147F}.Veracode|Any CPU.Build.0 = Release|Any CPU
		{E16CD3F3-1E0A-4FF4-90D4-6879EE89147F}.Veracode|x64.ActiveCfg = Release|Any CPU
		{E16CD3F3-1E0A-4FF4-90D4-6879EE89147F}.Veracode|x64.Build.0 = Release|Any CPU
		{E16CD3F3-1E0A-4FF4-90D4-6879EE89147F}.Veracode|x86.ActiveCfg = Release|Any CPU
		{E16CD3F3-1E0A-4FF4-90D4-6879EE89147F}.Veracode|x86.Build.0 = Release|Any CPU
		{95A9054D-4786-4031-AB54-E4759FC844A1}.Debug|Any CPU.ActiveCfg = Debug|Any CPU
		{95A9054D-4786-4031-AB54-E4759FC844A1}.Debug|Any CPU.Build.0 = Debug|Any CPU
		{95A9054D-4786-4031-AB54-E4759FC844A1}.Debug|x64.ActiveCfg = Debug|Any CPU
		{95A9054D-4786-4031-AB54-E4759FC844A1}.Debug|x64.Build.0 = Debug|Any CPU
		{95A9054D-4786-4031-AB54-E4759FC844A1}.Debug|x86.ActiveCfg = Debug|Any CPU
		{95A9054D-4786-4031-AB54-E4759FC844A1}.Debug|x86.Build.0 = Debug|Any CPU
		{95A9054D-4786-4031-AB54-E4759FC844A1}.Release|Any CPU.ActiveCfg = Release|Any CPU
		{95A9054D-4786-4031-AB54-E4759FC844A1}.Release|Any CPU.Build.0 = Release|Any CPU
		{95A9054D-4786-4031-AB54-E4759FC844A1}.Release|x64.ActiveCfg = Release|Any CPU
		{95A9054D-4786-4031-AB54-E4759FC844A1}.Release|x64.Build.0 = Release|Any CPU
		{95A9054D-4786-4031-AB54-E4759FC844A1}.Release|x86.ActiveCfg = Release|Any CPU
		{95A9054D-4786-4031-AB54-E4759FC844A1}.Release|x86.Build.0 = Release|Any CPU
		{95A9054D-4786-4031-AB54-E4759FC844A1}.Veracode|Any CPU.ActiveCfg = Release|Any CPU
		{95A9054D-4786-4031-AB54-E4759FC844A1}.Veracode|Any CPU.Build.0 = Release|Any CPU
		{95A9054D-4786-4031-AB54-E4759FC844A1}.Veracode|x64.ActiveCfg = Release|Any CPU
		{95A9054D-4786-4031-AB54-E4759FC844A1}.Veracode|x64.Build.0 = Release|Any CPU
		{95A9054D-4786-4031-AB54-E4759FC844A1}.Veracode|x86.ActiveCfg = Release|Any CPU
		{95A9054D-4786-4031-AB54-E4759FC844A1}.Veracode|x86.Build.0 = Release|Any CPU
		{90205B48-331D-4983-B460-972961733604}.Debug|Any CPU.ActiveCfg = Debug|Any CPU
		{90205B48-331D-4983-B460-972961733604}.Debug|Any CPU.Build.0 = Debug|Any CPU
		{90205B48-331D-4983-B460-972961733604}.Debug|x64.ActiveCfg = Debug|Any CPU
		{90205B48-331D-4983-B460-972961733604}.Debug|x64.Build.0 = Debug|Any CPU
		{90205B48-331D-4983-B460-972961733604}.Debug|x86.ActiveCfg = Debug|Any CPU
		{90205B48-331D-4983-B460-972961733604}.Debug|x86.Build.0 = Debug|Any CPU
		{90205B48-331D-4983-B460-972961733604}.Release|Any CPU.ActiveCfg = Release|Any CPU
		{90205B48-331D-4983-B460-972961733604}.Release|Any CPU.Build.0 = Release|Any CPU
		{90205B48-331D-4983-B460-972961733604}.Release|x64.ActiveCfg = Release|Any CPU
		{90205B48-331D-4983-B460-972961733604}.Release|x64.Build.0 = Release|Any CPU
		{90205B48-331D-4983-B460-972961733604}.Release|x86.ActiveCfg = Release|Any CPU
		{90205B48-331D-4983-B460-972961733604}.Release|x86.Build.0 = Release|Any CPU
		{90205B48-331D-4983-B460-972961733604}.Veracode|Any CPU.ActiveCfg = Release|Any CPU
		{90205B48-331D-4983-B460-972961733604}.Veracode|Any CPU.Build.0 = Release|Any CPU
		{90205B48-331D-4983-B460-972961733604}.Veracode|x64.ActiveCfg = Release|Any CPU
		{90205B48-331D-4983-B460-972961733604}.Veracode|x64.Build.0 = Release|Any CPU
		{90205B48-331D-4983-B460-972961733604}.Veracode|x86.ActiveCfg = Release|Any CPU
		{90205B48-331D-4983-B460-972961733604}.Veracode|x86.Build.0 = Release|Any CPU
		{EF92AEE7-CFDA-465E-B8EC-8174CDDF3E0B}.Debug|Any CPU.ActiveCfg = Debug|Any CPU
		{EF92AEE7-CFDA-465E-B8EC-8174CDDF3E0B}.Debug|Any CPU.Build.0 = Debug|Any CPU
		{EF92AEE7-CFDA-465E-B8EC-8174CDDF3E0B}.Debug|x64.ActiveCfg = Debug|x64
		{EF92AEE7-CFDA-465E-B8EC-8174CDDF3E0B}.Debug|x64.Build.0 = Debug|x64
		{EF92AEE7-CFDA-465E-B8EC-8174CDDF3E0B}.Debug|x86.ActiveCfg = Debug|x86
		{EF92AEE7-CFDA-465E-B8EC-8174CDDF3E0B}.Debug|x86.Build.0 = Debug|x86
		{EF92AEE7-CFDA-465E-B8EC-8174CDDF3E0B}.Release|Any CPU.ActiveCfg = Release|Any CPU
		{EF92AEE7-CFDA-465E-B8EC-8174CDDF3E0B}.Release|Any CPU.Build.0 = Release|Any CPU
		{EF92AEE7-CFDA-465E-B8EC-8174CDDF3E0B}.Release|x64.ActiveCfg = Release|x64
		{EF92AEE7-CFDA-465E-B8EC-8174CDDF3E0B}.Release|x64.Build.0 = Release|x64
		{EF92AEE7-CFDA-465E-B8EC-8174CDDF3E0B}.Release|x86.ActiveCfg = Release|x86
		{EF92AEE7-CFDA-465E-B8EC-8174CDDF3E0B}.Release|x86.Build.0 = Release|x86
		{EF92AEE7-CFDA-465E-B8EC-8174CDDF3E0B}.Veracode|Any CPU.ActiveCfg = Release|Any CPU
		{EF92AEE7-CFDA-465E-B8EC-8174CDDF3E0B}.Veracode|Any CPU.Build.0 = Release|Any CPU
		{EF92AEE7-CFDA-465E-B8EC-8174CDDF3E0B}.Veracode|x64.ActiveCfg = Release|x64
		{EF92AEE7-CFDA-465E-B8EC-8174CDDF3E0B}.Veracode|x64.Build.0 = Release|x64
		{EF92AEE7-CFDA-465E-B8EC-8174CDDF3E0B}.Veracode|x86.ActiveCfg = Release|x86
		{EF92AEE7-CFDA-465E-B8EC-8174CDDF3E0B}.Veracode|x86.Build.0 = Release|x86
		{66334A4D-67D7-4858-B65B-E44CE18514C3}.Debug|Any CPU.ActiveCfg = Debug
		{66334A4D-67D7-4858-B65B-E44CE18514C3}.Debug|x64.ActiveCfg = Debug
		{66334A4D-67D7-4858-B65B-E44CE18514C3}.Debug|x86.ActiveCfg = Debug
		{66334A4D-67D7-4858-B65B-E44CE18514C3}.Release|Any CPU.ActiveCfg = Release
		{66334A4D-67D7-4858-B65B-E44CE18514C3}.Release|Any CPU.Build.0 = Release
		{66334A4D-67D7-4858-B65B-E44CE18514C3}.Release|x64.ActiveCfg = Release
		{66334A4D-67D7-4858-B65B-E44CE18514C3}.Release|x86.ActiveCfg = Release
		{66334A4D-67D7-4858-B65B-E44CE18514C3}.Veracode|Any CPU.ActiveCfg = Release
		{66334A4D-67D7-4858-B65B-E44CE18514C3}.Veracode|x64.ActiveCfg = Release
		{66334A4D-67D7-4858-B65B-E44CE18514C3}.Veracode|x86.ActiveCfg = Release
	EndGlobalSection
	GlobalSection(SolutionProperties) = preSolution
		HideSolutionNode = FALSE
	EndGlobalSection
	GlobalSection(NestedProjects) = preSolution
		{BBD6C212-2C10-4818-8F72-4747EE0FDF6C} = {033B0F94-9CA7-4F33-B880-9E266FB61CAA}
		{F9672155-A274-4693-BAAA-529D401DAB11} = {E1796EAE-CEC8-4CC3-A282-9361A47463A4}
		{93333501-3D7E-406F-8B49-4CF434BD1100} = {54D9CC92-3D4A-4791-A45C-86FD4E3A5ED9}
		{247AC534-A286-47A4-A1E0-324C9C15450E} = {54D9CC92-3D4A-4791-A45C-86FD4E3A5ED9}
		{F1F1A216-20AA-466C-9810-C3C3B23EA1B8} = {54D9CC92-3D4A-4791-A45C-86FD4E3A5ED9}
		{E16CD3F3-1E0A-4FF4-90D4-6879EE89147F} = {BE6E6079-651F-4E72-932C-0270EBF84C7C}
		{95A9054D-4786-4031-AB54-E4759FC844A1} = {CCAF292F-E398-462C-8FA3-B62DE642691A}
		{90205B48-331D-4983-B460-972961733604} = {CCAF292F-E398-462C-8FA3-B62DE642691A}
		{EF92AEE7-CFDA-465E-B8EC-8174CDDF3E0B} = {BBD6C212-2C10-4818-8F72-4747EE0FDF6C}
	EndGlobalSection
EndGlobal
